// !$*UTF8*$!
{
	archiveVersion = 1;
	classes = {
	};
	objectVersion = 55;
	objects = {

/* Begin PBXBuildFile section */
		0525CDB32864B609007A6C95 /* UIStackView+ext.swift in Sources */ = {isa = PBXBuildFile; fileRef = 0525CDB22864B609007A6C95 /* UIStackView+ext.swift */; };
		05A545822864B4140089FABB /* LaunchScreen.storyboard in Resources */ = {isa = PBXBuildFile; fileRef = 05A545802864B4140089FABB /* LaunchScreen.storyboard */; };
		05A5459A2864B4D50089FABB /* PopoverCoordinating.swift in Sources */ = {isa = PBXBuildFile; fileRef = 05A5458B2864B4D50089FABB /* PopoverCoordinating.swift */; };
		05A5459B2864B4D50089FABB /* Sharing.swift in Sources */ = {isa = PBXBuildFile; fileRef = 05A5458C2864B4D50089FABB /* Sharing.swift */; };
		05A5459C2864B4D50089FABB /* EntryCoordinator.swift in Sources */ = {isa = PBXBuildFile; fileRef = 05A5458D2864B4D50089FABB /* EntryCoordinator.swift */; };
		05A5459D2864B4D50089FABB /* Coordinating.swift in Sources */ = {isa = PBXBuildFile; fileRef = 05A5458F2864B4D50089FABB /* Coordinating.swift */; };
		05A5459E2864B4D50089FABB /* Page.swift in Sources */ = {isa = PBXBuildFile; fileRef = 05A545912864B4D50089FABB /* Page.swift */; };
		05A5459F2864B4D50089FABB /* EntryPageViewController.swift in Sources */ = {isa = PBXBuildFile; fileRef = 05A545942864B4D50089FABB /* EntryPageViewController.swift */; };
		05A545A02864B4D50089FABB /* OnboardCollectionViewCell.swift in Sources */ = {isa = PBXBuildFile; fileRef = 05A545962864B4D50089FABB /* OnboardCollectionViewCell.swift */; };
		05A545A12864B4D50089FABB /* AnimationsStore.swift in Sources */ = {isa = PBXBuildFile; fileRef = 05A545972864B4D50089FABB /* AnimationsStore.swift */; };
		05A545A22864B4D50089FABB /* OnboardDataSource.swift in Sources */ = {isa = PBXBuildFile; fileRef = 05A545982864B4D50089FABB /* OnboardDataSource.swift */; };
		05A545A32864B4D50089FABB /* Factory.swift in Sources */ = {isa = PBXBuildFile; fileRef = 05A545992864B4D50089FABB /* Factory.swift */; };
		3CB0CCBD1D42789450B865E2 /* Pods_TournamentJS.framework in Frameworks */ = {isa = PBXBuildFile; fileRef = BF1332EBAF0E0C0BEB69AC5C /* Pods_TournamentJS.framework */; };
		F88431A459EE8B24A650D5FF /* SceneDelegate.swift in Sources */ = {isa = PBXBuildFile; fileRef = F884391A0C34184313162B1D /* SceneDelegate.swift */; };
		F884353CE924CAEFAED68FE8 /* Assets.xcassets in Resources */ = {isa = PBXBuildFile; fileRef = F88431E3D853B2B7F4106137 /* Assets.xcassets */; };
		F884369608DBEC822F233356 /* AppDelegate.swift in Sources */ = {isa = PBXBuildFile; fileRef = F8843F486748C463CB59F0D5 /* AppDelegate.swift */; };
/* End PBXBuildFile section */

/* Begin PBXFileReference section */
		0525CDB22864B609007A6C95 /* UIStackView+ext.swift */ = {isa = PBXFileReference; fileEncoding = 4; lastKnownFileType = sourcecode.swift; path = "UIStackView+ext.swift"; sourceTree = "<group>"; };
		05A545722864B4140089FABB /* TournamentJS.app */ = {isa = PBXFileReference; explicitFileType = wrapper.application; includeInIndex = 0; path = TournamentJS.app; sourceTree = BUILT_PRODUCTS_DIR; };
		05A545812864B4140089FABB /* Base */ = {isa = PBXFileReference; lastKnownFileType = file.storyboard; name = Base; path = Base.lproj/LaunchScreen.storyboard; sourceTree = "<group>"; };
		05A5458B2864B4D50089FABB /* PopoverCoordinating.swift */ = {isa = PBXFileReference; fileEncoding = 4; lastKnownFileType = sourcecode.swift; path = PopoverCoordinating.swift; sourceTree = "<group>"; };
		05A5458C2864B4D50089FABB /* Sharing.swift */ = {isa = PBXFileReference; fileEncoding = 4; lastKnownFileType = sourcecode.swift; path = Sharing.swift; sourceTree = "<group>"; };
		05A5458D2864B4D50089FABB /* EntryCoordinator.swift */ = {isa = PBXFileReference; fileEncoding = 4; lastKnownFileType = sourcecode.swift; path = EntryCoordinator.swift; sourceTree = "<group>"; };
		05A5458F2864B4D50089FABB /* Coordinating.swift */ = {isa = PBXFileReference; fileEncoding = 4; lastKnownFileType = sourcecode.swift; path = Coordinating.swift; sourceTree = "<group>"; };
		05A545912864B4D50089FABB /* Page.swift */ = {isa = PBXFileReference; fileEncoding = 4; lastKnownFileType = sourcecode.swift; path = Page.swift; sourceTree = "<group>"; };
		05A545942864B4D50089FABB /* EntryPageViewController.swift */ = {isa = PBXFileReference; fileEncoding = 4; lastKnownFileType = sourcecode.swift; path = EntryPageViewController.swift; sourceTree = "<group>"; };
		05A545962864B4D50089FABB /* OnboardCollectionViewCell.swift */ = {isa = PBXFileReference; fileEncoding = 4; lastKnownFileType = sourcecode.swift; path = OnboardCollectionViewCell.swift; sourceTree = "<group>"; };
		05A545972864B4D50089FABB /* AnimationsStore.swift */ = {isa = PBXFileReference; fileEncoding = 4; lastKnownFileType = sourcecode.swift; path = AnimationsStore.swift; sourceTree = "<group>"; };
		05A545982864B4D50089FABB /* OnboardDataSource.swift */ = {isa = PBXFileReference; fileEncoding = 4; lastKnownFileType = sourcecode.swift; path = OnboardDataSource.swift; sourceTree = "<group>"; };
		05A545992864B4D50089FABB /* Factory.swift */ = {isa = PBXFileReference; fileEncoding = 4; lastKnownFileType = sourcecode.swift; path = Factory.swift; sourceTree = "<group>"; };
		5F8B225B79CA0D658D01542E /* Pods-TournamentJS.debug.xcconfig */ = {isa = PBXFileReference; includeInIndex = 1; lastKnownFileType = text.xcconfig; name = "Pods-TournamentJS.debug.xcconfig"; path = "Target Support Files/Pods-TournamentJS/Pods-TournamentJS.debug.xcconfig"; sourceTree = "<group>"; };
		BF1332EBAF0E0C0BEB69AC5C /* Pods_TournamentJS.framework */ = {isa = PBXFileReference; explicitFileType = wrapper.framework; includeInIndex = 0; path = Pods_TournamentJS.framework; sourceTree = BUILT_PRODUCTS_DIR; };
		F88431E3D853B2B7F4106137 /* Assets.xcassets */ = {isa = PBXFileReference; lastKnownFileType = folder.assetcatalog; path = Assets.xcassets; sourceTree = "<group>"; };
		F884391A0C34184313162B1D /* SceneDelegate.swift */ = {isa = PBXFileReference; fileEncoding = 4; lastKnownFileType = sourcecode.swift; path = SceneDelegate.swift; sourceTree = "<group>"; };
		F8843F486748C463CB59F0D5 /* AppDelegate.swift */ = {isa = PBXFileReference; fileEncoding = 4; lastKnownFileType = sourcecode.swift; path = AppDelegate.swift; sourceTree = "<group>"; };
		F8843F779A245E495C0FB417 /* Info.plist */ = {isa = PBXFileReference; fileEncoding = 4; lastKnownFileType = text.plist.xml; name = Info.plist; path = "TournamentJS/Sopporting Files/Info.plist"; sourceTree = SOURCE_ROOT; };
		FDCC916173E4162C0D38F193 /* Pods-TournamentJS.release.xcconfig */ = {isa = PBXFileReference; includeInIndex = 1; lastKnownFileType = text.xcconfig; name = "Pods-TournamentJS.release.xcconfig"; path = "Target Support Files/Pods-TournamentJS/Pods-TournamentJS.release.xcconfig"; sourceTree = "<group>"; };
/* End PBXFileReference section */

/* Begin PBXFrameworksBuildPhase section */
		05A5456F2864B4140089FABB /* Frameworks */ = {
			isa = PBXFrameworksBuildPhase;
			buildActionMask = 2147483647;
			files = (
				3CB0CCBD1D42789450B865E2 /* Pods_TournamentJS.framework in Frameworks */,
			);
			runOnlyForDeploymentPostprocessing = 0;
		};
/* End PBXFrameworksBuildPhase section */

/* Begin PBXGroup section */
		0525CDB12864B609007A6C95 /* Extensions */ = {
			isa = PBXGroup;
			children = (
				0525CDB22864B609007A6C95 /* UIStackView+ext.swift */,
			);
			path = Extensions;
			sourceTree = "<group>";
		};
		05A545692864B4140089FABB = {
			isa = PBXGroup;
			children = (
				05A545742864B4140089FABB /* TournamentJS */,
				05A545732864B4140089FABB /* Products */,
				B8105D618944D9795764E210 /* Pods */,
				4F461154C419475C75B791B1 /* Frameworks */,
			);
			sourceTree = "<group>";
		};
		05A545732864B4140089FABB /* Products */ = {
			isa = PBXGroup;
			children = (
				05A545722864B4140089FABB /* TournamentJS.app */,
			);
			name = Products;
			sourceTree = "<group>";
		};
		05A545742864B4140089FABB /* TournamentJS */ = {
			isa = PBXGroup;
			children = (
				0525CDB12864B609007A6C95 /* Extensions */,
				05A545892864B4D50089FABB /* Scenes */,
				05A545802864B4140089FABB /* LaunchScreen.storyboard */,
				F884386EC6B132BDCC50B6CC /* Sopporting Files */,
				F88431BA20A0BA0F7E9E6246 /* Application */,
			);
			path = TournamentJS;
			sourceTree = "<group>";
		};
		05A545892864B4D50089FABB /* Scenes */ = {
			isa = PBXGroup;
			children = (
				05A5458A2864B4D50089FABB /* Coordinator */,
				05A545902864B4D50089FABB /* Models */,
				05A545922864B4D50089FABB /* ViewControllers */,
				05A545992864B4D50089FABB /* Factory.swift */,
			);
			path = Scenes;
			sourceTree = "<group>";
		};
		05A5458A2864B4D50089FABB /* Coordinator */ = {
			isa = PBXGroup;
			children = (
				05A5458B2864B4D50089FABB /* PopoverCoordinating.swift */,
				05A5458C2864B4D50089FABB /* Sharing.swift */,
				05A5458D2864B4D50089FABB /* EntryCoordinator.swift */,
				05A5458E2864B4D50089FABB /* Protocols */,
			);
			path = Coordinator;
			sourceTree = "<group>";
		};
		05A5458E2864B4D50089FABB /* Protocols */ = {
			isa = PBXGroup;
			children = (
				05A5458F2864B4D50089FABB /* Coordinating.swift */,
			);
			path = Protocols;
			sourceTree = "<group>";
		};
		05A545902864B4D50089FABB /* Models */ = {
			isa = PBXGroup;
			children = (
				05A545912864B4D50089FABB /* Page.swift */,
			);
			path = Models;
			sourceTree = "<group>";
		};
		05A545922864B4D50089FABB /* ViewControllers */ = {
			isa = PBXGroup;
			children = (
				05A545932864B4D50089FABB /* EntryScene */,
			);
			path = ViewControllers;
			sourceTree = "<group>";
		};
		05A545932864B4D50089FABB /* EntryScene */ = {
			isa = PBXGroup;
			children = (
				05A545942864B4D50089FABB /* EntryPageViewController.swift */,
				05A545952864B4D50089FABB /* CollectionViewDatasource */,
			);
			path = EntryScene;
			sourceTree = "<group>";
		};
		05A545952864B4D50089FABB /* CollectionViewDatasource */ = {
			isa = PBXGroup;
			children = (
				05A545962864B4D50089FABB /* OnboardCollectionViewCell.swift */,
				05A545972864B4D50089FABB /* AnimationsStore.swift */,
				05A545982864B4D50089FABB /* OnboardDataSource.swift */,
			);
			path = CollectionViewDatasource;
			sourceTree = "<group>";
		};
		4F461154C419475C75B791B1 /* Frameworks */ = {
			isa = PBXGroup;
			children = (
				BF1332EBAF0E0C0BEB69AC5C /* Pods_TournamentJS.framework */,
			);
			name = Frameworks;
			sourceTree = "<group>";
		};
		B8105D618944D9795764E210 /* Pods */ = {
			isa = PBXGroup;
			children = (
				5F8B225B79CA0D658D01542E /* Pods-TournamentJS.debug.xcconfig */,
				FDCC916173E4162C0D38F193 /* Pods-TournamentJS.release.xcconfig */,
			);
			path = Pods;
			sourceTree = "<group>";
		};
		F88431BA20A0BA0F7E9E6246 /* Application */ = {
			isa = PBXGroup;
			children = (
				F8843F486748C463CB59F0D5 /* AppDelegate.swift */,
				F884391A0C34184313162B1D /* SceneDelegate.swift */,
			);
			path = Application;
			sourceTree = "<group>";
		};
		F884386EC6B132BDCC50B6CC /* Sopporting Files */ = {
			isa = PBXGroup;
			children = (
				F8843F779A245E495C0FB417 /* Info.plist */,
				F88431E3D853B2B7F4106137 /* Assets.xcassets */,
			);
			path = "Sopporting Files";
			sourceTree = "<group>";
		};
/* End PBXGroup section */

/* Begin PBXNativeTarget section */
		05A545712864B4140089FABB /* TournamentJS */ = {
			isa = PBXNativeTarget;
			buildConfigurationList = 05A545862864B4140089FABB /* Build configuration list for PBXNativeTarget "TournamentJS" */;
			buildPhases = (
				B455287137880744445CDBD9 /* [CP] Check Pods Manifest.lock */,
				05A5456E2864B4140089FABB /* Sources */,
				05A5456F2864B4140089FABB /* Frameworks */,
				05A545702864B4140089FABB /* Resources */,
				75E44CA87D6C4066170000F6 /* [CP] Embed Pods Frameworks */,
			);
			buildRules = (
			);
			dependencies = (
			);
			name = TournamentJS;
			productName = TournamentJS;
			productReference = 05A545722864B4140089FABB /* TournamentJS.app */;
			productType = "com.apple.product-type.application";
		};
/* End PBXNativeTarget section */

/* Begin PBXProject section */
		05A5456A2864B4140089FABB /* Project object */ = {
			isa = PBXProject;
			attributes = {
				BuildIndependentTargetsInParallel = 1;
				LastSwiftUpdateCheck = 1330;
				LastUpgradeCheck = 1330;
				TargetAttributes = {
					05A545712864B4140089FABB = {
						CreatedOnToolsVersion = 13.3.1;
					};
				};
			};
			buildConfigurationList = 05A5456D2864B4140089FABB /* Build configuration list for PBXProject "TournamentJS" */;
			compatibilityVersion = "Xcode 13.0";
			developmentRegion = en;
			hasScannedForEncodings = 0;
			knownRegions = (
				en,
				Base,
			);
			mainGroup = 05A545692864B4140089FABB;
			productRefGroup = 05A545732864B4140089FABB /* Products */;
			projectDirPath = "";
			projectRoot = "";
			targets = (
				05A545712864B4140089FABB /* TournamentJS */,
			);
		};
/* End PBXProject section */

/* Begin PBXResourcesBuildPhase section */
		05A545702864B4140089FABB /* Resources */ = {
			isa = PBXResourcesBuildPhase;
			buildActionMask = 2147483647;
			files = (
				05A545822864B4140089FABB /* LaunchScreen.storyboard in Resources */,
				F884353CE924CAEFAED68FE8 /* Assets.xcassets in Resources */,
			);
			runOnlyForDeploymentPostprocessing = 0;
		};
/* End PBXResourcesBuildPhase section */

/* Begin PBXShellScriptBuildPhase section */
		75E44CA87D6C4066170000F6 /* [CP] Embed Pods Frameworks */ = {
			isa = PBXShellScriptBuildPhase;
			buildActionMask = 2147483647;
			files = (
			);
			inputFileListPaths = (
				"${PODS_ROOT}/Target Support Files/Pods-TournamentJS/Pods-TournamentJS-frameworks-${CONFIGURATION}-input-files.xcfilelist",
			);
			name = "[CP] Embed Pods Frameworks";
			outputFileListPaths = (
				"${PODS_ROOT}/Target Support Files/Pods-TournamentJS/Pods-TournamentJS-frameworks-${CONFIGURATION}-output-files.xcfilelist",
			);
			runOnlyForDeploymentPostprocessing = 0;
			shellPath = /bin/sh;
			shellScript = "\"${PODS_ROOT}/Target Support Files/Pods-TournamentJS/Pods-TournamentJS-frameworks.sh\"\n";
			showEnvVarsInLog = 0;
		};
		B455287137880744445CDBD9 /* [CP] Check Pods Manifest.lock */ = {
			isa = PBXShellScriptBuildPhase;
			buildActionMask = 2147483647;
			files = (
			);
			inputFileListPaths = (
			);
			inputPaths = (
				"${PODS_PODFILE_DIR_PATH}/Podfile.lock",
				"${PODS_ROOT}/Manifest.lock",
			);
			name = "[CP] Check Pods Manifest.lock";
			outputFileListPaths = (
			);
			outputPaths = (
				"$(DERIVED_FILE_DIR)/Pods-TournamentJS-checkManifestLockResult.txt",
			);
			runOnlyForDeploymentPostprocessing = 0;
			shellPath = /bin/sh;
			shellScript = "diff \"${PODS_PODFILE_DIR_PATH}/Podfile.lock\" \"${PODS_ROOT}/Manifest.lock\" > /dev/null\nif [ $? != 0 ] ; then\n    # print error to STDERR\n    echo \"error: The sandbox is not in sync with the Podfile.lock. Run 'pod install' or update your CocoaPods installation.\" >&2\n    exit 1\nfi\n# This output is used by Xcode 'outputs' to avoid re-running this script phase.\necho \"SUCCESS\" > \"${SCRIPT_OUTPUT_FILE_0}\"\n";
			showEnvVarsInLog = 0;
		};
/* End PBXShellScriptBuildPhase section */

/* Begin PBXSourcesBuildPhase section */
		05A5456E2864B4140089FABB /* Sources */ = {
			isa = PBXSourcesBuildPhase;
			buildActionMask = 2147483647;
			files = (
				05A5459B2864B4D50089FABB /* Sharing.swift in Sources */,
				05A545A22864B4D50089FABB /* OnboardDataSource.swift in Sources */,
				05A5459A2864B4D50089FABB /* PopoverCoordinating.swift in Sources */,
				05A5459C2864B4D50089FABB /* EntryCoordinator.swift in Sources */,
				F884369608DBEC822F233356 /* AppDelegate.swift in Sources */,
				05A545A02864B4D50089FABB /* OnboardCollectionViewCell.swift in Sources */,
				05A5459E2864B4D50089FABB /* Page.swift in Sources */,
				05A545A12864B4D50089FABB /* AnimationsStore.swift in Sources */,
				0525CDB32864B609007A6C95 /* UIStackView+ext.swift in Sources */,
				05A545A32864B4D50089FABB /* Factory.swift in Sources */,
				05A5459D2864B4D50089FABB /* Coordinating.swift in Sources */,
				05A5459F2864B4D50089FABB /* EntryPageViewController.swift in Sources */,
				F88431A459EE8B24A650D5FF /* SceneDelegate.swift in Sources */,
			);
			runOnlyForDeploymentPostprocessing = 0;
		};
/* End PBXSourcesBuildPhase section */

/* Begin PBXVariantGroup section */
		05A545802864B4140089FABB /* LaunchScreen.storyboard */ = {
			isa = PBXVariantGroup;
			children = (
				05A545812864B4140089FABB /* Base */,
			);
			name = LaunchScreen.storyboard;
			sourceTree = "<group>";
		};
/* End PBXVariantGroup section */

/* Begin XCBuildConfiguration section */
		05A545842864B4140089FABB /* Debug */ = {
			isa = XCBuildConfiguration;
			buildSettings = {
				ALWAYS_SEARCH_USER_PATHS = NO;
				CLANG_ANALYZER_NONNULL = YES;
				CLANG_ANALYZER_NUMBER_OBJECT_CONVERSION = YES_AGGRESSIVE;
				CLANG_CXX_LANGUAGE_STANDARD = "gnu++17";
				CLANG_ENABLE_MODULES = YES;
				CLANG_ENABLE_OBJC_ARC = YES;
				CLANG_ENABLE_OBJC_WEAK = YES;
				CLANG_WARN_BLOCK_CAPTURE_AUTORELEASING = YES;
				CLANG_WARN_BOOL_CONVERSION = YES;
				CLANG_WARN_COMMA = YES;
				CLANG_WARN_CONSTANT_CONVERSION = YES;
				CLANG_WARN_DEPRECATED_OBJC_IMPLEMENTATIONS = YES;
				CLANG_WARN_DIRECT_OBJC_ISA_USAGE = YES_ERROR;
				CLANG_WARN_DOCUMENTATION_COMMENTS = YES;
				CLANG_WARN_EMPTY_BODY = YES;
				CLANG_WARN_ENUM_CONVERSION = YES;
				CLANG_WARN_INFINITE_RECURSION = YES;
				CLANG_WARN_INT_CONVERSION = YES;
				CLANG_WARN_NON_LITERAL_NULL_CONVERSION = YES;
				CLANG_WARN_OBJC_IMPLICIT_RETAIN_SELF = YES;
				CLANG_WARN_OBJC_LITERAL_CONVERSION = YES;
				CLANG_WARN_OBJC_ROOT_CLASS = YES_ERROR;
				CLANG_WARN_QUOTED_INCLUDE_IN_FRAMEWORK_HEADER = YES;
				CLANG_WARN_RANGE_LOOP_ANALYSIS = YES;
				CLANG_WARN_STRICT_PROTOTYPES = YES;
				CLANG_WARN_SUSPICIOUS_MOVE = YES;
				CLANG_WARN_UNGUARDED_AVAILABILITY = YES_AGGRESSIVE;
				CLANG_WARN_UNREACHABLE_CODE = YES;
				CLANG_WARN__DUPLICATE_METHOD_MATCH = YES;
				COPY_PHASE_STRIP = NO;
				DEBUG_INFORMATION_FORMAT = dwarf;
				ENABLE_STRICT_OBJC_MSGSEND = YES;
				ENABLE_TESTABILITY = YES;
				GCC_C_LANGUAGE_STANDARD = gnu11;
				GCC_DYNAMIC_NO_PIC = NO;
				GCC_NO_COMMON_BLOCKS = YES;
				GCC_OPTIMIZATION_LEVEL = 0;
				GCC_PREPROCESSOR_DEFINITIONS = (
					"DEBUG=1",
					"$(inherited)",
				);
				GCC_WARN_64_TO_32_BIT_CONVERSION = YES;
				GCC_WARN_ABOUT_RETURN_TYPE = YES_ERROR;
				GCC_WARN_UNDECLARED_SELECTOR = YES;
				GCC_WARN_UNINITIALIZED_AUTOS = YES_AGGRESSIVE;
				GCC_WARN_UNUSED_FUNCTION = YES;
				GCC_WARN_UNUSED_VARIABLE = YES;
				IPHONEOS_DEPLOYMENT_TARGET = 15.4;
				MTL_ENABLE_DEBUG_INFO = INCLUDE_SOURCE;
				MTL_FAST_MATH = YES;
				ONLY_ACTIVE_ARCH = YES;
				SDKROOT = iphoneos;
				SWIFT_ACTIVE_COMPILATION_CONDITIONS = DEBUG;
				SWIFT_OPTIMIZATION_LEVEL = "-Onone";
			};
			name = Debug;
		};
		05A545852864B4140089FABB /* Release */ = {
			isa = XCBuildConfiguration;
			buildSettings = {
				ALWAYS_SEARCH_USER_PATHS = NO;
				CLANG_ANALYZER_NONNULL = YES;
				CLANG_ANALYZER_NUMBER_OBJECT_CONVERSION = YES_AGGRESSIVE;
				CLANG_CXX_LANGUAGE_STANDARD = "gnu++17";
				CLANG_ENABLE_MODULES = YES;
				CLANG_ENABLE_OBJC_ARC = YES;
				CLANG_ENABLE_OBJC_WEAK = YES;
				CLANG_WARN_BLOCK_CAPTURE_AUTORELEASING = YES;
				CLANG_WARN_BOOL_CONVERSION = YES;
				CLANG_WARN_COMMA = YES;
				CLANG_WARN_CONSTANT_CONVERSION = YES;
				CLANG_WARN_DEPRECATED_OBJC_IMPLEMENTATIONS = YES;
				CLANG_WARN_DIRECT_OBJC_ISA_USAGE = YES_ERROR;
				CLANG_WARN_DOCUMENTATION_COMMENTS = YES;
				CLANG_WARN_EMPTY_BODY = YES;
				CLANG_WARN_ENUM_CONVERSION = YES;
				CLANG_WARN_INFINITE_RECURSION = YES;
				CLANG_WARN_INT_CONVERSION = YES;
				CLANG_WARN_NON_LITERAL_NULL_CONVERSION = YES;
				CLANG_WARN_OBJC_IMPLICIT_RETAIN_SELF = YES;
				CLANG_WARN_OBJC_LITERAL_CONVERSION = YES;
				CLANG_WARN_OBJC_ROOT_CLASS = YES_ERROR;
				CLANG_WARN_QUOTED_INCLUDE_IN_FRAMEWORK_HEADER = YES;
				CLANG_WARN_RANGE_LOOP_ANALYSIS = YES;
				CLANG_WARN_STRICT_PROTOTYPES = YES;
				CLANG_WARN_SUSPICIOUS_MOVE = YES;
				CLANG_WARN_UNGUARDED_AVAILABILITY = YES_AGGRESSIVE;
				CLANG_WARN_UNREACHABLE_CODE = YES;
				CLANG_WARN__DUPLICATE_METHOD_MATCH = YES;
				COPY_PHASE_STRIP = NO;
				DEBUG_INFORMATION_FORMAT = "dwarf-with-dsym";
				ENABLE_NS_ASSERTIONS = NO;
				ENABLE_STRICT_OBJC_MSGSEND = YES;
				GCC_C_LANGUAGE_STANDARD = gnu11;
				GCC_NO_COMMON_BLOCKS = YES;
				GCC_WARN_64_TO_32_BIT_CONVERSION = YES;
				GCC_WARN_ABOUT_RETURN_TYPE = YES_ERROR;
				GCC_WARN_UNDECLARED_SELECTOR = YES;
				GCC_WARN_UNINITIALIZED_AUTOS = YES_AGGRESSIVE;
				GCC_WARN_UNUSED_FUNCTION = YES;
				GCC_WARN_UNUSED_VARIABLE = YES;
				IPHONEOS_DEPLOYMENT_TARGET = 15.4;
				MTL_ENABLE_DEBUG_INFO = NO;
				MTL_FAST_MATH = YES;
				SDKROOT = iphoneos;
				SWIFT_COMPILATION_MODE = wholemodule;
				SWIFT_OPTIMIZATION_LEVEL = "-O";
				VALIDATE_PRODUCT = YES;
			};
			name = Release;
		};
		05A545872864B4140089FABB /* Debug */ = {
			isa = XCBuildConfiguration;
			baseConfigurationReference = 5F8B225B79CA0D658D01542E /* Pods-TournamentJS.debug.xcconfig */;
			buildSettings = {
				ASSETCATALOG_COMPILER_APPICON_NAME = AppIcon;
				ASSETCATALOG_COMPILER_GLOBAL_ACCENT_COLOR_NAME = AccentColor;
				CODE_SIGN_STYLE = Automatic;
				CURRENT_PROJECT_VERSION = 1;
				DEVELOPMENT_TEAM = X4FJ736MWC;
				GENERATE_INFOPLIST_FILE = YES;
				INFOPLIST_FILE = "TournamentJS/Sopporting Files/Info.plist";
				INFOPLIST_KEY_UIApplicationSupportsIndirectInputEvents = YES;
				INFOPLIST_KEY_UILaunchStoryboardName = LaunchScreen;
				INFOPLIST_KEY_UISupportedInterfaceOrientations_iPad = "UIInterfaceOrientationPortrait UIInterfaceOrientationPortraitUpsideDown UIInterfaceOrientationLandscapeLeft UIInterfaceOrientationLandscapeRight";
				INFOPLIST_KEY_UISupportedInterfaceOrientations_iPhone = "UIInterfaceOrientationPortrait UIInterfaceOrientationLandscapeLeft UIInterfaceOrientationLandscapeRight";
				LD_RUNPATH_SEARCH_PATHS = (
					"$(inherited)",
					"@executable_path/Frameworks",
				);
				MARKETING_VERSION = 1.0;
				PRODUCT_BUNDLE_IDENTIFIER = zlmnv.TournamentJS;
				PRODUCT_NAME = "$(TARGET_NAME)";
				SWIFT_EMIT_LOC_STRINGS = YES;
				SWIFT_VERSION = 5.0;
				TARGETED_DEVICE_FAMILY = "1,2";
			};
			name = Debug;
		};
		05A545882864B4140089FABB /* Release */ = {
			isa = XCBuildConfiguration;
			baseConfigurationReference = FDCC916173E4162C0D38F193 /* Pods-TournamentJS.release.xcconfig */;
			buildSettings = {
				ASSETCATALOG_COMPILER_APPICON_NAME = AppIcon;
				ASSETCATALOG_COMPILER_GLOBAL_ACCENT_COLOR_NAME = AccentColor;
				CODE_SIGN_STYLE = Automatic;
				CURRENT_PROJECT_VERSION = 1;
				DEVELOPMENT_TEAM = X4FJ736MWC;
				GENERATE_INFOPLIST_FILE = YES;
				INFOPLIST_FILE = "TournamentJS/Sopporting Files/Info.plist";
				INFOPLIST_KEY_UIApplicationSupportsIndirectInputEvents = YES;
				INFOPLIST_KEY_UILaunchStoryboardName = LaunchScreen;
				INFOPLIST_KEY_UISupportedInterfaceOrientations_iPad = "UIInterfaceOrientationPortrait UIInterfaceOrientationPortraitUpsideDown UIInterfaceOrientationLandscapeLeft UIInterfaceOrientationLandscapeRight";
				INFOPLIST_KEY_UISupportedInterfaceOrientations_iPhone = "UIInterfaceOrientationPortrait UIInterfaceOrientationLandscapeLeft UIInterfaceOrientationLandscapeRight";
				LD_RUNPATH_SEARCH_PATHS = (
					"$(inherited)",
					"@executable_path/Frameworks",
				);
				MARKETING_VERSION = 1.0;
				PRODUCT_BUNDLE_IDENTIFIER = zlmnv.TournamentJS;
				PRODUCT_NAME = "$(TARGET_NAME)";
				SWIFT_EMIT_LOC_STRINGS = YES;
				SWIFT_VERSION = 5.0;
				TARGETED_DEVICE_FAMILY = "1,2";
			};
			name = Release;
		};
/* End XCBuildConfiguration section */

/* Begin XCConfigurationList section */
		05A5456D2864B4140089FABB /* Build configuration list for PBXProject "TournamentJS" */ = {
			isa = XCConfigurationList;
			buildConfigurations = (
				05A545842864B4140089FABB /* Debug */,
				05A545852864B4140089FABB /* Release */,
			);
			defaultConfigurationIsVisible = 0;
			defaultConfigurationName = Release;
		};
		05A545862864B4140089FABB /* Build configuration list for PBXNativeTarget "TournamentJS" */ = {
			isa = XCConfigurationList;
			buildConfigurations = (
				05A545872864B4140089FABB /* Debug */,
				05A545882864B4140089FABB /* Release */,
			);
			defaultConfigurationIsVisible = 0;
			defaultConfigurationName = Release;
		};
/* End XCConfigurationList section */
	};
	rootObject = 05A5456A2864B4140089FABB /* Project object */;
}
